
Microsoft Visual Studio Solution File, Format Version 12.00
# Visual Studio Version 17
VisualStudioVersion = 17.10.35004.147
MinimumVisualStudioVersion = 10.0.40219.1
Project("{FAE04EC0-301F-11D3-BF4B-00C04F79EFBC}") = "RealEstate_Dapper_Api", "RealEstate_Dapper_Api\RealEstate_Dapper_Api.csproj", "{0982AD9A-C236-4E1F-A763-DA435BD867C3}"
EndProject
Project("{FAE04EC0-301F-11D3-BF4B-00C04F79EFBC}") = "RealEstate_Dapper_UI", "RealEstate_Dapper_UI\RealEstate_Dapper_UI.csproj", "{3AAA4EF2-A60C-48BF-B21A-59719AF9F0AB}"
EndProject
Global
	GlobalSection(SolutionConfigurationPlatforms) = preSolution
		Debug|Any CPU = Debug|Any CPU
		Release|Any CPU = Release|Any CPU
	EndGlobalSection
	GlobalSection(ProjectConfigurationPlatforms) = postSolution
		{0982AD9A-C236-4E1F-A763-DA435BD867C3}.Debug|Any CPU.ActiveCfg = Debug|Any CPU
		{0982AD9A-C236-4E1F-A763-DA435BD867C3}.Debug|Any CPU.Build.0 = Debug|Any CPU
		{0982AD9A-C236-4E1F-A763-DA435BD867C3}.Release|Any CPU.ActiveCfg = Release|Any CPU
		{0982AD9A-C236-4E1F-A763-DA435BD867C3}.Release|Any CPU.Build.0 = Release|Any CPU
		{3AAA4EF2-A60C-48BF-B21A-59719AF9F0AB}.Debug|Any CPU.ActiveCfg = Debug|Any CPU
		{3AAA4EF2-A60C-48BF-B21A-59719AF9F0AB}.Debug|Any CPU.Build.0 = Debug|Any CPU
		{3AAA4EF2-A60C-48BF-B21A-59719AF9F0AB}.Release|Any CPU.ActiveCfg = Release|Any CPU
		{3AAA4EF2-A60C-48BF-B21A-59719AF9F0AB}.Release|Any CPU.Build.0 = Release|Any CPU
	EndGlobalSection
	GlobalSection(SolutionProperties) = preSolution
		HideSolutionNode = FALSE
	EndGlobalSection
	GlobalSection(ExtensibilityGlobals) = postSolution
		SolutionGuid = {AE8DD742-86E0-4D85-A391-E6A4BB6205F1}
	EndGlobalSection
EndGlobal
